// !$*UTF8*$!
{
	archiveVersion = 1;
	classes = {
	};
	objectVersion = 50;
	objects = {

/* Begin PBXBuildFile section */
		051DF53621639112008F1148 /* BasicImageProvider.swift in Sources */ = {isa = PBXBuildFile; fileRef = 051DF53521639112008F1148 /* BasicImageProvider.swift */; };
		051DF53821639147008F1148 /* BasicImageProviderTest.swift in Sources */ = {isa = PBXBuildFile; fileRef = 051DF53721639147008F1148 /* BasicImageProviderTest.swift */; };
		0532AB6E2174DB1D00065CDD /* PresentablePhotoDetails.swift in Sources */ = {isa = PBXBuildFile; fileRef = 0532AB6D2174DB1D00065CDD /* PresentablePhotoDetails.swift */; };
		05380D2B215A48BA00CEB9B5 /* SearchViewController.swift in Sources */ = {isa = PBXBuildFile; fileRef = 05380D2A215A48BA00CEB9B5 /* SearchViewController.swift */; };
		05380D2D215A48F200CEB9B5 /* SearchViewControllerTest.swift in Sources */ = {isa = PBXBuildFile; fileRef = 05380D2C215A48F200CEB9B5 /* SearchViewControllerTest.swift */; };
		05380D2F215A574200CEB9B5 /* PhotoListViewController.swift in Sources */ = {isa = PBXBuildFile; fileRef = 05380D2E215A574200CEB9B5 /* PhotoListViewController.swift */; };
		05380D31215A57F800CEB9B5 /* PhotoListDataSourceDelegate.swift in Sources */ = {isa = PBXBuildFile; fileRef = 05380D30215A57F800CEB9B5 /* PhotoListDataSourceDelegate.swift */; };
		05380D35215A59B900CEB9B5 /* PresentablePhoto.swift in Sources */ = {isa = PBXBuildFile; fileRef = 05380D34215A59B900CEB9B5 /* PresentablePhoto.swift */; };
		05380D37215A678100CEB9B5 /* RemoteCorePhotoFetcherTest.swift in Sources */ = {isa = PBXBuildFile; fileRef = 05380D36215A678100CEB9B5 /* RemoteCorePhotoFetcherTest.swift */; };
		05380D39215A67F300CEB9B5 /* RemoteCorePhotoFetcher.swift in Sources */ = {isa = PBXBuildFile; fileRef = 05380D38215A67F300CEB9B5 /* RemoteCorePhotoFetcher.swift */; };
		05380D3B215A800A00CEB9B5 /* CoreSearchResult.swift in Sources */ = {isa = PBXBuildFile; fileRef = 05380D3A215A800A00CEB9B5 /* CoreSearchResult.swift */; };
		05561F35215A1A8D004BE337 /* PhoneRandomPhotoDetailViewFactory.swift in Sources */ = {isa = PBXBuildFile; fileRef = 05561F34215A1A8D004BE337 /* PhoneRandomPhotoDetailViewFactory.swift */; };
		05561F37215A1AD8004BE337 /* PhoneRandomPhotoDetailViewFactoryTest.swift in Sources */ = {isa = PBXBuildFile; fileRef = 05561F36215A1AD8004BE337 /* PhoneRandomPhotoDetailViewFactoryTest.swift */; };
		056064D5215945BC0060EA90 /* CorePhoto.swift in Sources */ = {isa = PBXBuildFile; fileRef = 056064D4215945BC0060EA90 /* CorePhoto.swift */; };
		056FFF92214FA52C005F0077 /* CoreRandomPhoto.swift in Sources */ = {isa = PBXBuildFile; fileRef = 056FFF91214FA52C005F0077 /* CoreRandomPhoto.swift */; };
		056FFF94214FCC5D005F0077 /* RemoteCoreRandomPhotoFetcher.swift in Sources */ = {isa = PBXBuildFile; fileRef = 056FFF93214FCC5D005F0077 /* RemoteCoreRandomPhotoFetcher.swift */; };
		056FFF96214FCC74005F0077 /* RemoteCoreRandomPhotoFetcherTest.swift in Sources */ = {isa = PBXBuildFile; fileRef = 056FFF95214FCC74005F0077 /* RemoteCoreRandomPhotoFetcherTest.swift */; };
		05881D952152901900785EC5 /* RandomPhotoDetailViewController.swift in Sources */ = {isa = PBXBuildFile; fileRef = 05881D942152901900785EC5 /* RandomPhotoDetailViewController.swift */; };
		05881D972152919D00785EC5 /* RandomPhotoDetailDataSourceDelegate.swift in Sources */ = {isa = PBXBuildFile; fileRef = 05881D962152919D00785EC5 /* RandomPhotoDetailDataSourceDelegate.swift */; };
		05881D9E2152999D00785EC5 /* ImageCell.swift in Sources */ = {isa = PBXBuildFile; fileRef = 05881D9C2152999D00785EC5 /* ImageCell.swift */; };
		05881D9F2152999D00785EC5 /* ImageCell.xib in Resources */ = {isa = PBXBuildFile; fileRef = 05881D9D2152999D00785EC5 /* ImageCell.xib */; };
		05C1248521522B81008EBA67 /* PresentableRandomPhoto.swift in Sources */ = {isa = PBXBuildFile; fileRef = 05C1248421522B81008EBA67 /* PresentableRandomPhoto.swift */; };
		05C12487215232A5008EBA67 /* RandomPhotoPresenter.swift in Sources */ = {isa = PBXBuildFile; fileRef = 05C12486215232A5008EBA67 /* RandomPhotoPresenter.swift */; };
		05E0EBC3216E35A700BCEEBB /* PhotoListFlowTest.swift in Sources */ = {isa = PBXBuildFile; fileRef = 05E0EBC2216E35A700BCEEBB /* PhotoListFlowTest.swift */; };
		05E0EBC5216E38A300BCEEBB /* PhotoListFlow.swift in Sources */ = {isa = PBXBuildFile; fileRef = 05E0EBC4216E38A300BCEEBB /* PhotoListFlow.swift */; };
		05E0EBC7216E45FB00BCEEBB /* PhonePhotoDetailViewFactory.swift in Sources */ = {isa = PBXBuildFile; fileRef = 05E0EBC6216E45FB00BCEEBB /* PhonePhotoDetailViewFactory.swift */; };
		05E0EBC9216E465D00BCEEBB /* PhonePhotoDetailViewFactoryTest.swift in Sources */ = {isa = PBXBuildFile; fileRef = 05E0EBC8216E465D00BCEEBB /* PhonePhotoDetailViewFactoryTest.swift */; };
		05E0EBCB216E47AD00BCEEBB /* PhotoDetailViewController.swift in Sources */ = {isa = PBXBuildFile; fileRef = 05E0EBCA216E47AD00BCEEBB /* PhotoDetailViewController.swift */; };
		05E0EBCD216E47F900BCEEBB /* PhotoDetailDataSourceDelegate.swift in Sources */ = {isa = PBXBuildFile; fileRef = 05E0EBCC216E47F900BCEEBB /* PhotoDetailDataSourceDelegate.swift */; };
		05E1533C21513A910033BC3C /* RandomPhotoFlowTest.swift in Sources */ = {isa = PBXBuildFile; fileRef = 05E1533B21513A910033BC3C /* RandomPhotoFlowTest.swift */; };
		05E1533E21513B8E0033BC3C /* RandomPhotoFlow.swift in Sources */ = {isa = PBXBuildFile; fileRef = 05E1533D21513B8E0033BC3C /* RandomPhotoFlow.swift */; };
		05E75B38214BB31E00E37F39 /* Assets.xcassets in Resources */ = {isa = PBXBuildFile; fileRef = 05E75B1A214BB31D00E37F39 /* Assets.xcassets */; };
		05E75B39214BB31E00E37F39 /* PhotoDownloader.swift in Sources */ = {isa = PBXBuildFile; fileRef = 05E75B1D214BB31D00E37F39 /* PhotoDownloader.swift */; };
		05E75B3A214BB31E00E37F39 /* RemoteSearchResultResponse.swift in Sources */ = {isa = PBXBuildFile; fileRef = 05E75B1F214BB31D00E37F39 /* RemoteSearchResultResponse.swift */; };
		05E75B3B214BB31E00E37F39 /* RemoteSearchResultFetcher.swift in Sources */ = {isa = PBXBuildFile; fileRef = 05E75B20214BB31D00E37F39 /* RemoteSearchResultFetcher.swift */; };
		05E75B3C214BB31E00E37F39 /* RemoteSearchResultPhotoResponse.swift in Sources */ = {isa = PBXBuildFile; fileRef = 05E75B21214BB31D00E37F39 /* RemoteSearchResultPhotoResponse.swift */; };
		05E75B3D214BB31E00E37F39 /* RemoteRandomPhotoResultFetcher.swift in Sources */ = {isa = PBXBuildFile; fileRef = 05E75B23214BB31D00E37F39 /* RemoteRandomPhotoResultFetcher.swift */; };
		05E75B3E214BB31E00E37F39 /* RemoteRandomPhotoResponse.swift in Sources */ = {isa = PBXBuildFile; fileRef = 05E75B24214BB31D00E37F39 /* RemoteRandomPhotoResponse.swift */; };
		05E75B3F214BB31E00E37F39 /* URLRequestFactory.swift in Sources */ = {isa = PBXBuildFile; fileRef = 05E75B25214BB31D00E37F39 /* URLRequestFactory.swift */; };
		05E75B41214BB31E00E37F39 /* RandomPhotoViewController.swift in Sources */ = {isa = PBXBuildFile; fileRef = 05E75B28214BB31E00E37F39 /* RandomPhotoViewController.swift */; };
		05E75B42214BB31E00E37F39 /* PhotoCell.swift in Sources */ = {isa = PBXBuildFile; fileRef = 05E75B29214BB31E00E37F39 /* PhotoCell.swift */; };
		05E75B43214BB31E00E37F39 /* PhotoCell.xib in Resources */ = {isa = PBXBuildFile; fileRef = 05E75B2A214BB31E00E37F39 /* PhotoCell.xib */; };
		05E75B44214BB31E00E37F39 /* NoPhotoCell.swift in Sources */ = {isa = PBXBuildFile; fileRef = 05E75B2B214BB31E00E37F39 /* NoPhotoCell.swift */; };
		05E75B45214BB31E00E37F39 /* LaunchScreen.storyboard in Resources */ = {isa = PBXBuildFile; fileRef = 05E75B2C214BB31E00E37F39 /* LaunchScreen.storyboard */; };
		05E75B46214BB31E00E37F39 /* RandomPhotoDataSourceDelegate.swift in Sources */ = {isa = PBXBuildFile; fileRef = 05E75B2E214BB31E00E37F39 /* RandomPhotoDataSourceDelegate.swift */; };
		05E75B47214BB31E00E37F39 /* NoPhotoCell.xib in Resources */ = {isa = PBXBuildFile; fileRef = 05E75B2F214BB31E00E37F39 /* NoPhotoCell.xib */; };
		05E75B49214BB31E00E37F39 /* HTTPClient.swift in Sources */ = {isa = PBXBuildFile; fileRef = 05E75B33214BB31E00E37F39 /* HTTPClient.swift */; };
		05E75B4A214BB31E00E37F39 /* Result.swift in Sources */ = {isa = PBXBuildFile; fileRef = 05E75B34214BB31E00E37F39 /* Result.swift */; };
		05E75B4B214BB31E00E37F39 /* PhoneRandomPhotoViewFactory.swift in Sources */ = {isa = PBXBuildFile; fileRef = 05E75B36214BB31E00E37F39 /* PhoneRandomPhotoViewFactory.swift */; };
		05E75B4C214BB31E00E37F39 /* AppDelegate.swift in Sources */ = {isa = PBXBuildFile; fileRef = 05E75B37214BB31E00E37F39 /* AppDelegate.swift */; };
		05E75B60214BB34600E37F39 /* PhoneRandomPhotoViewFactoryTest.swift in Sources */ = {isa = PBXBuildFile; fileRef = 05E75B4E214BB34600E37F39 /* PhoneRandomPhotoViewFactoryTest.swift */; };
		05E75B61214BB34600E37F39 /* HTTPClientTest.swift in Sources */ = {isa = PBXBuildFile; fileRef = 05E75B51214BB34600E37F39 /* HTTPClientTest.swift */; };
		05E75B62214BB34600E37F39 /* HTTPClientStub.swift in Sources */ = {isa = PBXBuildFile; fileRef = 05E75B53214BB34600E37F39 /* HTTPClientStub.swift */; };
		05E75B63214BB34600E37F39 /* Helpers.swift in Sources */ = {isa = PBXBuildFile; fileRef = 05E75B55214BB34600E37F39 /* Helpers.swift */; };
		05E75B64214BB34600E37F39 /* RandomPhotoViewControllerTest.swift in Sources */ = {isa = PBXBuildFile; fileRef = 05E75B56214BB34600E37F39 /* RandomPhotoViewControllerTest.swift */; };
		05E75B66214BB34600E37F39 /* PhotoDownloaderTest.swift in Sources */ = {isa = PBXBuildFile; fileRef = 05E75B5A214BB34600E37F39 /* PhotoDownloaderTest.swift */; };
		05E75B67214BB34600E37F39 /* RemoteSearchResultFetcherTest.swift in Sources */ = {isa = PBXBuildFile; fileRef = 05E75B5C214BB34600E37F39 /* RemoteSearchResultFetcherTest.swift */; };
		05E75B68214BB34600E37F39 /* RemoteRandomPhotoResultFetcherTest.swift in Sources */ = {isa = PBXBuildFile; fileRef = 05E75B5E214BB34600E37F39 /* RemoteRandomPhotoResultFetcherTest.swift */; };
		05E75B69214BB34600E37F39 /* URLRequestFactoryTest.swift in Sources */ = {isa = PBXBuildFile; fileRef = 05E75B5F214BB34600E37F39 /* URLRequestFactoryTest.swift */; };
		05F83FDD215BA895002D79AD /* PhonePhotoListViewFactory.swift in Sources */ = {isa = PBXBuildFile; fileRef = 05F83FDC215BA895002D79AD /* PhonePhotoListViewFactory.swift */; };
		05F83FDF215BA8AD002D79AD /* PhonePhotoListViewFactoryTest.swift in Sources */ = {isa = PBXBuildFile; fileRef = 05F83FDE215BA8AD002D79AD /* PhonePhotoListViewFactoryTest.swift */; };
		05F83FE1215D038E002D79AD /* PhotoPresenter.swift in Sources */ = {isa = PBXBuildFile; fileRef = 05F83FE0215D038E002D79AD /* PhotoPresenter.swift */; };
		7876D4C54B07C4DAE37392FE /* Pods_Unsplash.framework in Frameworks */ = {isa = PBXBuildFile; fileRef = A9EBECAC48307CBC204BF9A4 /* Pods_Unsplash.framework */; };
/* End PBXBuildFile section */

/* Begin PBXContainerItemProxy section */
		05198566214BB28100D9D094 /* PBXContainerItemProxy */ = {
			isa = PBXContainerItemProxy;
			containerPortal = 05198549214BB28000D9D094 /* Project object */;
			proxyType = 1;
			remoteGlobalIDString = 05198550214BB28000D9D094;
			remoteInfo = unsplash;
		};
/* End PBXContainerItemProxy section */

/* Begin PBXFileReference section */
		05198551214BB28000D9D094 /* Unsplash.app */ = {isa = PBXFileReference; explicitFileType = wrapper.application; includeInIndex = 0; path = Unsplash.app; sourceTree = BUILT_PRODUCTS_DIR; };
		05198565214BB28100D9D094 /* UnsplashTests.xctest */ = {isa = PBXFileReference; explicitFileType = wrapper.cfbundle; includeInIndex = 0; path = UnsplashTests.xctest; sourceTree = BUILT_PRODUCTS_DIR; };
		051DF53521639112008F1148 /* BasicImageProvider.swift */ = {isa = PBXFileReference; lastKnownFileType = sourcecode.swift; path = BasicImageProvider.swift; sourceTree = "<group>"; };
		051DF53721639147008F1148 /* BasicImageProviderTest.swift */ = {isa = PBXFileReference; lastKnownFileType = sourcecode.swift; path = BasicImageProviderTest.swift; sourceTree = "<group>"; };
		0532AB6D2174DB1D00065CDD /* PresentablePhotoDetails.swift */ = {isa = PBXFileReference; lastKnownFileType = sourcecode.swift; path = PresentablePhotoDetails.swift; sourceTree = "<group>"; };
		05380D2A215A48BA00CEB9B5 /* SearchViewController.swift */ = {isa = PBXFileReference; lastKnownFileType = sourcecode.swift; path = SearchViewController.swift; sourceTree = "<group>"; };
		05380D2C215A48F200CEB9B5 /* SearchViewControllerTest.swift */ = {isa = PBXFileReference; lastKnownFileType = sourcecode.swift; path = SearchViewControllerTest.swift; sourceTree = "<group>"; };
		05380D2E215A574200CEB9B5 /* PhotoListViewController.swift */ = {isa = PBXFileReference; lastKnownFileType = sourcecode.swift; path = PhotoListViewController.swift; sourceTree = "<group>"; };
		05380D30215A57F800CEB9B5 /* PhotoListDataSourceDelegate.swift */ = {isa = PBXFileReference; lastKnownFileType = sourcecode.swift; path = PhotoListDataSourceDelegate.swift; sourceTree = "<group>"; };
		05380D34215A59B900CEB9B5 /* PresentablePhoto.swift */ = {isa = PBXFileReference; lastKnownFileType = sourcecode.swift; path = PresentablePhoto.swift; sourceTree = "<group>"; };
		05380D36215A678100CEB9B5 /* RemoteCorePhotoFetcherTest.swift */ = {isa = PBXFileReference; lastKnownFileType = sourcecode.swift; path = RemoteCorePhotoFetcherTest.swift; sourceTree = "<group>"; };
		05380D38215A67F300CEB9B5 /* RemoteCorePhotoFetcher.swift */ = {isa = PBXFileReference; lastKnownFileType = sourcecode.swift; path = RemoteCorePhotoFetcher.swift; sourceTree = "<group>"; };
		05380D3A215A800A00CEB9B5 /* CoreSearchResult.swift */ = {isa = PBXFileReference; lastKnownFileType = sourcecode.swift; path = CoreSearchResult.swift; sourceTree = "<group>"; };
		05561F34215A1A8D004BE337 /* PhoneRandomPhotoDetailViewFactory.swift */ = {isa = PBXFileReference; lastKnownFileType = sourcecode.swift; path = PhoneRandomPhotoDetailViewFactory.swift; sourceTree = "<group>"; };
		05561F36215A1AD8004BE337 /* PhoneRandomPhotoDetailViewFactoryTest.swift */ = {isa = PBXFileReference; lastKnownFileType = sourcecode.swift; path = PhoneRandomPhotoDetailViewFactoryTest.swift; sourceTree = "<group>"; };
		056064D4215945BC0060EA90 /* CorePhoto.swift */ = {isa = PBXFileReference; fileEncoding = 4; lastKnownFileType = sourcecode.swift; path = CorePhoto.swift; sourceTree = "<group>"; };
		056FFF91214FA52C005F0077 /* CoreRandomPhoto.swift */ = {isa = PBXFileReference; lastKnownFileType = sourcecode.swift; path = CoreRandomPhoto.swift; sourceTree = "<group>"; };
		056FFF93214FCC5D005F0077 /* RemoteCoreRandomPhotoFetcher.swift */ = {isa = PBXFileReference; lastKnownFileType = sourcecode.swift; path = RemoteCoreRandomPhotoFetcher.swift; sourceTree = "<group>"; };
		056FFF95214FCC74005F0077 /* RemoteCoreRandomPhotoFetcherTest.swift */ = {isa = PBXFileReference; lastKnownFileType = sourcecode.swift; path = RemoteCoreRandomPhotoFetcherTest.swift; sourceTree = "<group>"; };
		05881D942152901900785EC5 /* RandomPhotoDetailViewController.swift */ = {isa = PBXFileReference; lastKnownFileType = sourcecode.swift; path = RandomPhotoDetailViewController.swift; sourceTree = "<group>"; };
		05881D962152919D00785EC5 /* RandomPhotoDetailDataSourceDelegate.swift */ = {isa = PBXFileReference; lastKnownFileType = sourcecode.swift; path = RandomPhotoDetailDataSourceDelegate.swift; sourceTree = "<group>"; };
		05881D9C2152999D00785EC5 /* ImageCell.swift */ = {isa = PBXFileReference; lastKnownFileType = sourcecode.swift; path = ImageCell.swift; sourceTree = "<group>"; };
		05881D9D2152999D00785EC5 /* ImageCell.xib */ = {isa = PBXFileReference; lastKnownFileType = file.xib; path = ImageCell.xib; sourceTree = "<group>"; };
		05C1248421522B81008EBA67 /* PresentableRandomPhoto.swift */ = {isa = PBXFileReference; lastKnownFileType = sourcecode.swift; path = PresentableRandomPhoto.swift; sourceTree = "<group>"; };
		05C12486215232A5008EBA67 /* RandomPhotoPresenter.swift */ = {isa = PBXFileReference; lastKnownFileType = sourcecode.swift; path = RandomPhotoPresenter.swift; sourceTree = "<group>"; };
		05E0EBC2216E35A700BCEEBB /* PhotoListFlowTest.swift */ = {isa = PBXFileReference; lastKnownFileType = sourcecode.swift; path = PhotoListFlowTest.swift; sourceTree = "<group>"; };
		05E0EBC4216E38A300BCEEBB /* PhotoListFlow.swift */ = {isa = PBXFileReference; lastKnownFileType = sourcecode.swift; path = PhotoListFlow.swift; sourceTree = "<group>"; };
		05E0EBC6216E45FB00BCEEBB /* PhonePhotoDetailViewFactory.swift */ = {isa = PBXFileReference; lastKnownFileType = sourcecode.swift; path = PhonePhotoDetailViewFactory.swift; sourceTree = "<group>"; };
		05E0EBC8216E465D00BCEEBB /* PhonePhotoDetailViewFactoryTest.swift */ = {isa = PBXFileReference; lastKnownFileType = sourcecode.swift; path = PhonePhotoDetailViewFactoryTest.swift; sourceTree = "<group>"; };
		05E0EBCA216E47AD00BCEEBB /* PhotoDetailViewController.swift */ = {isa = PBXFileReference; lastKnownFileType = sourcecode.swift; path = PhotoDetailViewController.swift; sourceTree = "<group>"; };
		05E0EBCC216E47F900BCEEBB /* PhotoDetailDataSourceDelegate.swift */ = {isa = PBXFileReference; lastKnownFileType = sourcecode.swift; path = PhotoDetailDataSourceDelegate.swift; sourceTree = "<group>"; };
		05E1533B21513A910033BC3C /* RandomPhotoFlowTest.swift */ = {isa = PBXFileReference; lastKnownFileType = sourcecode.swift; path = RandomPhotoFlowTest.swift; sourceTree = "<group>"; };
		05E1533D21513B8E0033BC3C /* RandomPhotoFlow.swift */ = {isa = PBXFileReference; lastKnownFileType = sourcecode.swift; path = RandomPhotoFlow.swift; sourceTree = "<group>"; };
		05E75B1A214BB31D00E37F39 /* Assets.xcassets */ = {isa = PBXFileReference; lastKnownFileType = folder.assetcatalog; name = Assets.xcassets; path = Unsplash/Assets.xcassets; sourceTree = SOURCE_ROOT; };
		05E75B1D214BB31D00E37F39 /* PhotoDownloader.swift */ = {isa = PBXFileReference; fileEncoding = 4; lastKnownFileType = sourcecode.swift; path = PhotoDownloader.swift; sourceTree = "<group>"; };
		05E75B1F214BB31D00E37F39 /* RemoteSearchResultResponse.swift */ = {isa = PBXFileReference; fileEncoding = 4; lastKnownFileType = sourcecode.swift; path = RemoteSearchResultResponse.swift; sourceTree = "<group>"; };
		05E75B20214BB31D00E37F39 /* RemoteSearchResultFetcher.swift */ = {isa = PBXFileReference; fileEncoding = 4; lastKnownFileType = sourcecode.swift; path = RemoteSearchResultFetcher.swift; sourceTree = "<group>"; };
		05E75B21214BB31D00E37F39 /* RemoteSearchResultPhotoResponse.swift */ = {isa = PBXFileReference; fileEncoding = 4; lastKnownFileType = sourcecode.swift; path = RemoteSearchResultPhotoResponse.swift; sourceTree = "<group>"; };
		05E75B23214BB31D00E37F39 /* RemoteRandomPhotoResultFetcher.swift */ = {isa = PBXFileReference; fileEncoding = 4; lastKnownFileType = sourcecode.swift; path = RemoteRandomPhotoResultFetcher.swift; sourceTree = "<group>"; };
		05E75B24214BB31D00E37F39 /* RemoteRandomPhotoResponse.swift */ = {isa = PBXFileReference; fileEncoding = 4; lastKnownFileType = sourcecode.swift; path = RemoteRandomPhotoResponse.swift; sourceTree = "<group>"; };
		05E75B25214BB31D00E37F39 /* URLRequestFactory.swift */ = {isa = PBXFileReference; fileEncoding = 4; lastKnownFileType = sourcecode.swift; path = URLRequestFactory.swift; sourceTree = "<group>"; };
		05E75B28214BB31E00E37F39 /* RandomPhotoViewController.swift */ = {isa = PBXFileReference; fileEncoding = 4; lastKnownFileType = sourcecode.swift; path = RandomPhotoViewController.swift; sourceTree = "<group>"; };
		05E75B29214BB31E00E37F39 /* PhotoCell.swift */ = {isa = PBXFileReference; fileEncoding = 4; lastKnownFileType = sourcecode.swift; path = PhotoCell.swift; sourceTree = "<group>"; };
		05E75B2A214BB31E00E37F39 /* PhotoCell.xib */ = {isa = PBXFileReference; fileEncoding = 4; lastKnownFileType = file.xib; path = PhotoCell.xib; sourceTree = "<group>"; };
		05E75B2B214BB31E00E37F39 /* NoPhotoCell.swift */ = {isa = PBXFileReference; fileEncoding = 4; lastKnownFileType = sourcecode.swift; path = NoPhotoCell.swift; sourceTree = "<group>"; };
		05E75B2D214BB31E00E37F39 /* Base */ = {isa = PBXFileReference; lastKnownFileType = file.storyboard; name = Base; path = Base.lproj/LaunchScreen.storyboard; sourceTree = "<group>"; };
		05E75B2E214BB31E00E37F39 /* RandomPhotoDataSourceDelegate.swift */ = {isa = PBXFileReference; fileEncoding = 4; lastKnownFileType = sourcecode.swift; path = RandomPhotoDataSourceDelegate.swift; sourceTree = "<group>"; };
		05E75B2F214BB31E00E37F39 /* NoPhotoCell.xib */ = {isa = PBXFileReference; fileEncoding = 4; lastKnownFileType = file.xib; path = NoPhotoCell.xib; sourceTree = "<group>"; };
		05E75B30214BB31E00E37F39 /* Info.plist */ = {isa = PBXFileReference; fileEncoding = 4; lastKnownFileType = text.plist.xml; name = Info.plist; path = Unsplash/Info.plist; sourceTree = SOURCE_ROOT; };
		05E75B33214BB31E00E37F39 /* HTTPClient.swift */ = {isa = PBXFileReference; fileEncoding = 4; lastKnownFileType = sourcecode.swift; path = HTTPClient.swift; sourceTree = "<group>"; };
		05E75B34214BB31E00E37F39 /* Result.swift */ = {isa = PBXFileReference; fileEncoding = 4; lastKnownFileType = sourcecode.swift; path = Result.swift; sourceTree = "<group>"; };
		05E75B36214BB31E00E37F39 /* PhoneRandomPhotoViewFactory.swift */ = {isa = PBXFileReference; fileEncoding = 4; lastKnownFileType = sourcecode.swift; path = PhoneRandomPhotoViewFactory.swift; sourceTree = "<group>"; };
		05E75B37214BB31E00E37F39 /* AppDelegate.swift */ = {isa = PBXFileReference; fileEncoding = 4; lastKnownFileType = sourcecode.swift; name = AppDelegate.swift; path = Unsplash/AppDelegate.swift; sourceTree = SOURCE_ROOT; };
		05E75B4E214BB34600E37F39 /* PhoneRandomPhotoViewFactoryTest.swift */ = {isa = PBXFileReference; fileEncoding = 4; lastKnownFileType = sourcecode.swift; path = PhoneRandomPhotoViewFactoryTest.swift; sourceTree = "<group>"; };
		05E75B51214BB34600E37F39 /* HTTPClientTest.swift */ = {isa = PBXFileReference; fileEncoding = 4; lastKnownFileType = sourcecode.swift; path = HTTPClientTest.swift; sourceTree = "<group>"; };
		05E75B53214BB34600E37F39 /* HTTPClientStub.swift */ = {isa = PBXFileReference; fileEncoding = 4; lastKnownFileType = sourcecode.swift; path = HTTPClientStub.swift; sourceTree = "<group>"; };
		05E75B55214BB34600E37F39 /* Helpers.swift */ = {isa = PBXFileReference; fileEncoding = 4; lastKnownFileType = sourcecode.swift; path = Helpers.swift; sourceTree = "<group>"; };
		05E75B56214BB34600E37F39 /* RandomPhotoViewControllerTest.swift */ = {isa = PBXFileReference; fileEncoding = 4; lastKnownFileType = sourcecode.swift; path = RandomPhotoViewControllerTest.swift; sourceTree = "<group>"; };
		05E75B57214BB34600E37F39 /* Info.plist */ = {isa = PBXFileReference; fileEncoding = 4; lastKnownFileType = text.plist.xml; name = Info.plist; path = UnsplashTests/Info.plist; sourceTree = SOURCE_ROOT; };
		05E75B5A214BB34600E37F39 /* PhotoDownloaderTest.swift */ = {isa = PBXFileReference; fileEncoding = 4; lastKnownFileType = sourcecode.swift; path = PhotoDownloaderTest.swift; sourceTree = "<group>"; };
		05E75B5C214BB34600E37F39 /* RemoteSearchResultFetcherTest.swift */ = {isa = PBXFileReference; fileEncoding = 4; lastKnownFileType = sourcecode.swift; path = RemoteSearchResultFetcherTest.swift; sourceTree = "<group>"; };
		05E75B5E214BB34600E37F39 /* RemoteRandomPhotoResultFetcherTest.swift */ = {isa = PBXFileReference; fileEncoding = 4; lastKnownFileType = sourcecode.swift; path = RemoteRandomPhotoResultFetcherTest.swift; sourceTree = "<group>"; };
		05E75B5F214BB34600E37F39 /* URLRequestFactoryTest.swift */ = {isa = PBXFileReference; fileEncoding = 4; lastKnownFileType = sourcecode.swift; path = URLRequestFactoryTest.swift; sourceTree = "<group>"; };
		05F83FDC215BA895002D79AD /* PhonePhotoListViewFactory.swift */ = {isa = PBXFileReference; lastKnownFileType = sourcecode.swift; path = PhonePhotoListViewFactory.swift; sourceTree = "<group>"; };
		05F83FDE215BA8AD002D79AD /* PhonePhotoListViewFactoryTest.swift */ = {isa = PBXFileReference; lastKnownFileType = sourcecode.swift; path = PhonePhotoListViewFactoryTest.swift; sourceTree = "<group>"; };
		05F83FE0215D038E002D79AD /* PhotoPresenter.swift */ = {isa = PBXFileReference; lastKnownFileType = sourcecode.swift; path = PhotoPresenter.swift; sourceTree = "<group>"; };
		6ED25A25AEB2FA1513CC4BAD /* Pods-Unsplash.release.xcconfig */ = {isa = PBXFileReference; includeInIndex = 1; lastKnownFileType = text.xcconfig; name = "Pods-Unsplash.release.xcconfig"; path = "Pods/Target Support Files/Pods-Unsplash/Pods-Unsplash.release.xcconfig"; sourceTree = "<group>"; };
		A9EBECAC48307CBC204BF9A4 /* Pods_Unsplash.framework */ = {isa = PBXFileReference; explicitFileType = wrapper.framework; includeInIndex = 0; path = Pods_Unsplash.framework; sourceTree = BUILT_PRODUCTS_DIR; };
		F2B806E66B857BCD9A609726 /* Pods-Unsplash.debug.xcconfig */ = {isa = PBXFileReference; includeInIndex = 1; lastKnownFileType = text.xcconfig; name = "Pods-Unsplash.debug.xcconfig"; path = "Pods/Target Support Files/Pods-Unsplash/Pods-Unsplash.debug.xcconfig"; sourceTree = "<group>"; };
/* End PBXFileReference section */

/* Begin PBXFrameworksBuildPhase section */
		0519854E214BB28000D9D094 /* Frameworks */ = {
			isa = PBXFrameworksBuildPhase;
			buildActionMask = 2147483647;
			files = (
				7876D4C54B07C4DAE37392FE /* Pods_Unsplash.framework in Frameworks */,
			);
			runOnlyForDeploymentPostprocessing = 0;
		};
		05198562214BB28100D9D094 /* Frameworks */ = {
			isa = PBXFrameworksBuildPhase;
			buildActionMask = 2147483647;
			files = (
			);
			runOnlyForDeploymentPostprocessing = 0;
		};
/* End PBXFrameworksBuildPhase section */

/* Begin PBXGroup section */
		05198548214BB28000D9D094 = {
			isa = PBXGroup;
			children = (
				05198553214BB28000D9D094 /* Unsplash */,
				05198568214BB28100D9D094 /* UnsplashTests */,
				05198552214BB28000D9D094 /* Products */,
				AD55AFABC1AD25B10EF7E820 /* Pods */,
				9D396B812C5A0685AA3A542F /* Frameworks */,
			);
			sourceTree = "<group>";
		};
		05198552214BB28000D9D094 /* Products */ = {
			isa = PBXGroup;
			children = (
				05198551214BB28000D9D094 /* Unsplash.app */,
				05198565214BB28100D9D094 /* UnsplashTests.xctest */,
			);
			name = Products;
			sourceTree = "<group>";
		};
		05198553214BB28000D9D094 /* Unsplash */ = {
			isa = PBXGroup;
			children = (
				05E75B30214BB31E00E37F39 /* Info.plist */,
				05E75B37214BB31E00E37F39 /* AppDelegate.swift */,
				05E75B1A214BB31D00E37F39 /* Assets.xcassets */,
				056FFF93214FCC5D005F0077 /* RemoteCoreRandomPhotoFetcher.swift */,
				05380D38215A67F300CEB9B5 /* RemoteCorePhotoFetcher.swift */,
				051DF53521639112008F1148 /* BasicImageProvider.swift */,
				05290B2F215382CE00FEC1C3 /* Models */,
				05290B2C2153828300FEC1C3 /* Flow */,
				05290B2E215382A400FEC1C3 /* Presentation */,
				05E75B35214BB31E00E37F39 /* Main */,
				05E75B1B214BB31D00E37F39 /* Networking */,
				05E75B31214BB31E00E37F39 /* Shared */,
				05E75B27214BB31E00E37F39 /* UI */,
			);
			path = Unsplash;
			sourceTree = "<group>";
		};
		05198568214BB28100D9D094 /* UnsplashTests */ = {
			isa = PBXGroup;
			children = (
				05E75B57214BB34600E37F39 /* Info.plist */,
				056FFF95214FCC74005F0077 /* RemoteCoreRandomPhotoFetcherTest.swift */,
				05380D36215A678100CEB9B5 /* RemoteCorePhotoFetcherTest.swift */,
				051DF53721639147008F1148 /* BasicImageProviderTest.swift */,
				05290B2D2153828E00FEC1C3 /* Flow */,
				05E75B4D214BB34600E37F39 /* Main */,
				05E75B58214BB34600E37F39 /* Networking */,
				05E75B4F214BB34600E37F39 /* Shared */,
				05E75B54214BB34600E37F39 /* UI */,
			);
			path = UnsplashTests;
			sourceTree = "<group>";
		};
		05290B2C2153828300FEC1C3 /* Flow */ = {
			isa = PBXGroup;
			children = (
				05E1533D21513B8E0033BC3C /* RandomPhotoFlow.swift */,
				05E0EBC4216E38A300BCEEBB /* PhotoListFlow.swift */,
			);
			path = Flow;
			sourceTree = "<group>";
		};
		05290B2D2153828E00FEC1C3 /* Flow */ = {
			isa = PBXGroup;
			children = (
				05E1533B21513A910033BC3C /* RandomPhotoFlowTest.swift */,
				05E0EBC2216E35A700BCEEBB /* PhotoListFlowTest.swift */,
			);
			path = Flow;
			sourceTree = "<group>";
		};
		05290B2E215382A400FEC1C3 /* Presentation */ = {
			isa = PBXGroup;
			children = (
				05C1248421522B81008EBA67 /* PresentableRandomPhoto.swift */,
				05C12486215232A5008EBA67 /* RandomPhotoPresenter.swift */,
				05380D34215A59B900CEB9B5 /* PresentablePhoto.swift */,
				05F83FE0215D038E002D79AD /* PhotoPresenter.swift */,
				0532AB6D2174DB1D00065CDD /* PresentablePhotoDetails.swift */,
			);
			path = Presentation;
			sourceTree = "<group>";
		};
		05290B2F215382CE00FEC1C3 /* Models */ = {
			isa = PBXGroup;
			children = (
				056064D4215945BC0060EA90 /* CorePhoto.swift */,
				05380D3A215A800A00CEB9B5 /* CoreSearchResult.swift */,
				056FFF91214FA52C005F0077 /* CoreRandomPhoto.swift */,
			);
			path = Models;
			sourceTree = "<group>";
		};
		05290B30215382F100FEC1C3 /* RandomPhoto */ = {
			isa = PBXGroup;
			children = (
				05E75B28214BB31E00E37F39 /* RandomPhotoViewController.swift */,
				05E75B2E214BB31E00E37F39 /* RandomPhotoDataSourceDelegate.swift */,
			);
			path = RandomPhoto;
			sourceTree = "<group>";
		};
		05290B31215382FD00FEC1C3 /* RandomPhotoDetail */ = {
			isa = PBXGroup;
			children = (
				05881D942152901900785EC5 /* RandomPhotoDetailViewController.swift */,
				05881D962152919D00785EC5 /* RandomPhotoDetailDataSourceDelegate.swift */,
				05290B332153831600FEC1C3 /* Cells */,
			);
			path = RandomPhotoDetail;
			sourceTree = "<group>";
		};
		05290B322153830C00FEC1C3 /* Cells */ = {
			isa = PBXGroup;
			children = (
				05E75B29214BB31E00E37F39 /* PhotoCell.swift */,
				05E75B2A214BB31E00E37F39 /* PhotoCell.xib */,
				05E75B2B214BB31E00E37F39 /* NoPhotoCell.swift */,
				05E75B2F214BB31E00E37F39 /* NoPhotoCell.xib */,
			);
			path = Cells;
			sourceTree = "<group>";
		};
		05290B332153831600FEC1C3 /* Cells */ = {
			isa = PBXGroup;
			children = (
				05881D9C2152999D00785EC5 /* ImageCell.swift */,
				05881D9D2152999D00785EC5 /* ImageCell.xib */,
			);
			path = Cells;
			sourceTree = "<group>";
		};
		05E75B1B214BB31D00E37F39 /* Networking */ = {
			isa = PBXGroup;
			children = (
				05E75B1C214BB31D00E37F39 /* DownloadPhoto */,
				05E75B1E214BB31D00E37F39 /* Search */,
				05E75B22214BB31D00E37F39 /* FetchRandomPhoto */,
				05E75B25214BB31D00E37F39 /* URLRequestFactory.swift */,
			);
			name = Networking;
			path = Unsplash/Networking;
			sourceTree = SOURCE_ROOT;
		};
		05E75B1C214BB31D00E37F39 /* DownloadPhoto */ = {
			isa = PBXGroup;
			children = (
				05E75B1D214BB31D00E37F39 /* PhotoDownloader.swift */,
			);
			path = DownloadPhoto;
			sourceTree = "<group>";
		};
		05E75B1E214BB31D00E37F39 /* Search */ = {
			isa = PBXGroup;
			children = (
				05E75B1F214BB31D00E37F39 /* RemoteSearchResultResponse.swift */,
				05E75B20214BB31D00E37F39 /* RemoteSearchResultFetcher.swift */,
				05E75B21214BB31D00E37F39 /* RemoteSearchResultPhotoResponse.swift */,
			);
			path = Search;
			sourceTree = "<group>";
		};
		05E75B22214BB31D00E37F39 /* FetchRandomPhoto */ = {
			isa = PBXGroup;
			children = (
				05E75B23214BB31D00E37F39 /* RemoteRandomPhotoResultFetcher.swift */,
				05E75B24214BB31D00E37F39 /* RemoteRandomPhotoResponse.swift */,
			);
			path = FetchRandomPhoto;
			sourceTree = "<group>";
		};
		05E75B27214BB31E00E37F39 /* UI */ = {
			isa = PBXGroup;
			children = (
				05E75B2C214BB31E00E37F39 /* LaunchScreen.storyboard */,
				05290B30215382F100FEC1C3 /* RandomPhoto */,
				05290B31215382FD00FEC1C3 /* RandomPhotoDetail */,
				05290B322153830C00FEC1C3 /* Cells */,
				05380D2A215A48BA00CEB9B5 /* SearchViewController.swift */,
				05380D2E215A574200CEB9B5 /* PhotoListViewController.swift */,
				05380D30215A57F800CEB9B5 /* PhotoListDataSourceDelegate.swift */,
				05E0EBCA216E47AD00BCEEBB /* PhotoDetailViewController.swift */,
				05E0EBCC216E47F900BCEEBB /* PhotoDetailDataSourceDelegate.swift */,
			);
			name = UI;
			path = Unsplash/UI;
			sourceTree = SOURCE_ROOT;
		};
		05E75B31214BB31E00E37F39 /* Shared */ = {
			isa = PBXGroup;
			children = (
				05E75B32214BB31E00E37F39 /* Networking */,
				05E75B34214BB31E00E37F39 /* Result.swift */,
			);
			name = Shared;
			path = Unsplash/Shared;
			sourceTree = SOURCE_ROOT;
		};
		05E75B32214BB31E00E37F39 /* Networking */ = {
			isa = PBXGroup;
			children = (
				05E75B33214BB31E00E37F39 /* HTTPClient.swift */,
			);
			path = Networking;
			sourceTree = "<group>";
		};
		05E75B35214BB31E00E37F39 /* Main */ = {
			isa = PBXGroup;
			children = (
				05E75B36214BB31E00E37F39 /* PhoneRandomPhotoViewFactory.swift */,
				05561F34215A1A8D004BE337 /* PhoneRandomPhotoDetailViewFactory.swift */,
				05F83FDC215BA895002D79AD /* PhonePhotoListViewFactory.swift */,
				05E0EBC6216E45FB00BCEEBB /* PhonePhotoDetailViewFactory.swift */,
			);
			name = Main;
			path = Unsplash/Main;
			sourceTree = SOURCE_ROOT;
		};
		05E75B4D214BB34600E37F39 /* Main */ = {
			isa = PBXGroup;
			children = (
				05E75B4E214BB34600E37F39 /* PhoneRandomPhotoViewFactoryTest.swift */,
				05561F36215A1AD8004BE337 /* PhoneRandomPhotoDetailViewFactoryTest.swift */,
				05F83FDE215BA8AD002D79AD /* PhonePhotoListViewFactoryTest.swift */,
				05E0EBC8216E465D00BCEEBB /* PhonePhotoDetailViewFactoryTest.swift */,
			);
			name = Main;
			path = UnsplashTests/Main;
			sourceTree = SOURCE_ROOT;
		};
		05E75B4F214BB34600E37F39 /* Shared */ = {
			isa = PBXGroup;
			children = (
				05E75B50214BB34600E37F39 /* Networking */,
			);
			name = Shared;
			path = UnsplashTests/Shared;
			sourceTree = SOURCE_ROOT;
		};
		05E75B50214BB34600E37F39 /* Networking */ = {
			isa = PBXGroup;
			children = (
				05E75B51214BB34600E37F39 /* HTTPClientTest.swift */,
				05E75B52214BB34600E37F39 /* Helpers */,
			);
			path = Networking;
			sourceTree = "<group>";
		};
		05E75B52214BB34600E37F39 /* Helpers */ = {
			isa = PBXGroup;
			children = (
				05E75B53214BB34600E37F39 /* HTTPClientStub.swift */,
			);
			path = Helpers;
			sourceTree = "<group>";
		};
		05E75B54214BB34600E37F39 /* UI */ = {
			isa = PBXGroup;
			children = (
				05E75B55214BB34600E37F39 /* Helpers.swift */,
				05E75B56214BB34600E37F39 /* RandomPhotoViewControllerTest.swift */,
				05380D2C215A48F200CEB9B5 /* SearchViewControllerTest.swift */,
			);
			name = UI;
			path = UnsplashTests/UI;
			sourceTree = SOURCE_ROOT;
		};
		05E75B58214BB34600E37F39 /* Networking */ = {
			isa = PBXGroup;
			children = (
				05E75B59214BB34600E37F39 /* DownloadPhoto */,
				05E75B5B214BB34600E37F39 /* Search */,
				05E75B5D214BB34600E37F39 /* FetchRandomPhoto */,
				05E75B5F214BB34600E37F39 /* URLRequestFactoryTest.swift */,
			);
			name = Networking;
			path = UnsplashTests/Networking;
			sourceTree = SOURCE_ROOT;
		};
		05E75B59214BB34600E37F39 /* DownloadPhoto */ = {
			isa = PBXGroup;
			children = (
				05E75B5A214BB34600E37F39 /* PhotoDownloaderTest.swift */,
			);
			path = DownloadPhoto;
			sourceTree = "<group>";
		};
		05E75B5B214BB34600E37F39 /* Search */ = {
			isa = PBXGroup;
			children = (
				05E75B5C214BB34600E37F39 /* RemoteSearchResultFetcherTest.swift */,
			);
			path = Search;
			sourceTree = "<group>";
		};
		05E75B5D214BB34600E37F39 /* FetchRandomPhoto */ = {
			isa = PBXGroup;
			children = (
				05E75B5E214BB34600E37F39 /* RemoteRandomPhotoResultFetcherTest.swift */,
			);
			path = FetchRandomPhoto;
			sourceTree = "<group>";
		};
		9D396B812C5A0685AA3A542F /* Frameworks */ = {
			isa = PBXGroup;
			children = (
				A9EBECAC48307CBC204BF9A4 /* Pods_Unsplash.framework */,
			);
			name = Frameworks;
			sourceTree = "<group>";
		};
		AD55AFABC1AD25B10EF7E820 /* Pods */ = {
			isa = PBXGroup;
			children = (
				F2B806E66B857BCD9A609726 /* Pods-Unsplash.debug.xcconfig */,
				6ED25A25AEB2FA1513CC4BAD /* Pods-Unsplash.release.xcconfig */,
			);
			name = Pods;
			sourceTree = "<group>";
		};
/* End PBXGroup section */

/* Begin PBXNativeTarget section */
		05198550214BB28000D9D094 /* Unsplash */ = {
			isa = PBXNativeTarget;
			buildConfigurationList = 0519856E214BB28100D9D094 /* Build configuration list for PBXNativeTarget "Unsplash" */;
			buildPhases = (
				18CCB2CF0E44C7A346353462 /* [CP] Check Pods Manifest.lock */,
				0519854D214BB28000D9D094 /* Sources */,
				0519854E214BB28000D9D094 /* Frameworks */,
				0519854F214BB28000D9D094 /* Resources */,
				96249FEAA3CEB29EBB8F16A0 /* [CP] Embed Pods Frameworks */,
			);
			buildRules = (
			);
			dependencies = (
			);
			name = Unsplash;
			productName = unsplash;
			productReference = 05198551214BB28000D9D094 /* Unsplash.app */;
			productType = "com.apple.product-type.application";
		};
		05198564214BB28100D9D094 /* UnsplashTests */ = {
			isa = PBXNativeTarget;
			buildConfigurationList = 05198571214BB28100D9D094 /* Build configuration list for PBXNativeTarget "UnsplashTests" */;
			buildPhases = (
				05198561214BB28100D9D094 /* Sources */,
				05198562214BB28100D9D094 /* Frameworks */,
				05198563214BB28100D9D094 /* Resources */,
			);
			buildRules = (
			);
			dependencies = (
				05198567214BB28100D9D094 /* PBXTargetDependency */,
			);
			name = UnsplashTests;
			productName = unsplashTests;
			productReference = 05198565214BB28100D9D094 /* UnsplashTests.xctest */;
			productType = "com.apple.product-type.bundle.unit-test";
		};
/* End PBXNativeTarget section */

/* Begin PBXProject section */
		05198549214BB28000D9D094 /* Project object */ = {
			isa = PBXProject;
			attributes = {
				LastSwiftUpdateCheck = 0940;
				LastUpgradeCheck = 0940;
				ORGANIZATIONNAME = "Michail Zarmakoupis";
				TargetAttributes = {
					05198550214BB28000D9D094 = {
						CreatedOnToolsVersion = 9.4.1;
						LastSwiftMigration = 1000;
					};
					05198564214BB28100D9D094 = {
						CreatedOnToolsVersion = 9.4.1;
						LastSwiftMigration = 1000;
						TestTargetID = 05198550214BB28000D9D094;
					};
				};
			};
			buildConfigurationList = 0519854C214BB28000D9D094 /* Build configuration list for PBXProject "Unsplash" */;
			compatibilityVersion = "Xcode 9.3";
			developmentRegion = en;
			hasScannedForEncodings = 0;
			knownRegions = (
				en,
				Base,
			);
			mainGroup = 05198548214BB28000D9D094;
			productRefGroup = 05198552214BB28000D9D094 /* Products */;
			projectDirPath = "";
			projectRoot = "";
			targets = (
				05198550214BB28000D9D094 /* Unsplash */,
				05198564214BB28100D9D094 /* UnsplashTests */,
			);
		};
/* End PBXProject section */

/* Begin PBXResourcesBuildPhase section */
		0519854F214BB28000D9D094 /* Resources */ = {
			isa = PBXResourcesBuildPhase;
			buildActionMask = 2147483647;
			files = (
				05E75B45214BB31E00E37F39 /* LaunchScreen.storyboard in Resources */,
				05E75B43214BB31E00E37F39 /* PhotoCell.xib in Resources */,
				05E75B38214BB31E00E37F39 /* Assets.xcassets in Resources */,
				05881D9F2152999D00785EC5 /* ImageCell.xib in Resources */,
				05E75B47214BB31E00E37F39 /* NoPhotoCell.xib in Resources */,
			);
			runOnlyForDeploymentPostprocessing = 0;
		};
		05198563214BB28100D9D094 /* Resources */ = {
			isa = PBXResourcesBuildPhase;
			buildActionMask = 2147483647;
			files = (
			);
			runOnlyForDeploymentPostprocessing = 0;
		};
/* End PBXResourcesBuildPhase section */

/* Begin PBXShellScriptBuildPhase section */
		18CCB2CF0E44C7A346353462 /* [CP] Check Pods Manifest.lock */ = {
			isa = PBXShellScriptBuildPhase;
			buildActionMask = 2147483647;
			files = (
			);
			inputPaths = (
				"${PODS_PODFILE_DIR_PATH}/Podfile.lock",
				"${PODS_ROOT}/Manifest.lock",
			);
			name = "[CP] Check Pods Manifest.lock";
			outputPaths = (
				"$(DERIVED_FILE_DIR)/Pods-Unsplash-checkManifestLockResult.txt",
			);
			runOnlyForDeploymentPostprocessing = 0;
			shellPath = /bin/sh;
			shellScript = "diff \"${PODS_PODFILE_DIR_PATH}/Podfile.lock\" \"${PODS_ROOT}/Manifest.lock\" > /dev/null\nif [ $? != 0 ] ; then\n    # print error to STDERR\n    echo \"error: The sandbox is not in sync with the Podfile.lock. Run 'pod install' or update your CocoaPods installation.\" >&2\n    exit 1\nfi\n# This output is used by Xcode 'outputs' to avoid re-running this script phase.\necho \"SUCCESS\" > \"${SCRIPT_OUTPUT_FILE_0}\"\n";
			showEnvVarsInLog = 0;
		};
		96249FEAA3CEB29EBB8F16A0 /* [CP] Embed Pods Frameworks */ = {
			isa = PBXShellScriptBuildPhase;
			buildActionMask = 2147483647;
			files = (
			);
			inputPaths = (
				"${SRCROOT}/Pods/Target Support Files/Pods-Unsplash/Pods-Unsplash-frameworks.sh",
				"${BUILT_PRODUCTS_DIR}/PromiseKit/PromiseKit.framework",
			);
			name = "[CP] Embed Pods Frameworks";
			outputPaths = (
				"${TARGET_BUILD_DIR}/${FRAMEWORKS_FOLDER_PATH}/PromiseKit.framework",
			);
			runOnlyForDeploymentPostprocessing = 0;
			shellPath = /bin/sh;
			shellScript = "\"${SRCROOT}/Pods/Target Support Files/Pods-Unsplash/Pods-Unsplash-frameworks.sh\"\n";
			showEnvVarsInLog = 0;
		};
/* End PBXShellScriptBuildPhase section */

/* Begin PBXSourcesBuildPhase section */
		0519854D214BB28000D9D094 /* Sources */ = {
			isa = PBXSourcesBuildPhase;
			buildActionMask = 2147483647;
			files = (
				05380D31215A57F800CEB9B5 /* PhotoListDataSourceDelegate.swift in Sources */,
				05C12487215232A5008EBA67 /* RandomPhotoPresenter.swift in Sources */,
				056FFF94214FCC5D005F0077 /* RemoteCoreRandomPhotoFetcher.swift in Sources */,
				05E0EBCB216E47AD00BCEEBB /* PhotoDetailViewController.swift in Sources */,
				05E75B3E214BB31E00E37F39 /* RemoteRandomPhotoResponse.swift in Sources */,
				05E75B3A214BB31E00E37F39 /* RemoteSearchResultResponse.swift in Sources */,
				05380D39215A67F300CEB9B5 /* RemoteCorePhotoFetcher.swift in Sources */,
				056FFF92214FA52C005F0077 /* CoreRandomPhoto.swift in Sources */,
				05881D9E2152999D00785EC5 /* ImageCell.swift in Sources */,
				05881D972152919D00785EC5 /* RandomPhotoDetailDataSourceDelegate.swift in Sources */,
				05380D35215A59B900CEB9B5 /* PresentablePhoto.swift in Sources */,
				05E0EBC7216E45FB00BCEEBB /* PhonePhotoDetailViewFactory.swift in Sources */,
				05E75B49214BB31E00E37F39 /* HTTPClient.swift in Sources */,
				05380D2B215A48BA00CEB9B5 /* SearchViewController.swift in Sources */,
				05E75B39214BB31E00E37F39 /* PhotoDownloader.swift in Sources */,
				05F83FDD215BA895002D79AD /* PhonePhotoListViewFactory.swift in Sources */,
				05F83FE1215D038E002D79AD /* PhotoPresenter.swift in Sources */,
				05E75B4A214BB31E00E37F39 /* Result.swift in Sources */,
				05E75B3D214BB31E00E37F39 /* RemoteRandomPhotoResultFetcher.swift in Sources */,
				05E75B41214BB31E00E37F39 /* RandomPhotoViewController.swift in Sources */,
				05E75B3C214BB31E00E37F39 /* RemoteSearchResultPhotoResponse.swift in Sources */,
				05E75B4C214BB31E00E37F39 /* AppDelegate.swift in Sources */,
				05380D3B215A800A00CEB9B5 /* CoreSearchResult.swift in Sources */,
				05561F35215A1A8D004BE337 /* PhoneRandomPhotoDetailViewFactory.swift in Sources */,
				05E0EBC5216E38A300BCEEBB /* PhotoListFlow.swift in Sources */,
				05E75B42214BB31E00E37F39 /* PhotoCell.swift in Sources */,
				05E1533E21513B8E0033BC3C /* RandomPhotoFlow.swift in Sources */,
				05E75B4B214BB31E00E37F39 /* PhoneRandomPhotoViewFactory.swift in Sources */,
				051DF53621639112008F1148 /* BasicImageProvider.swift in Sources */,
				05E75B46214BB31E00E37F39 /* RandomPhotoDataSourceDelegate.swift in Sources */,
				05C1248521522B81008EBA67 /* PresentableRandomPhoto.swift in Sources */,
				05E0EBCD216E47F900BCEEBB /* PhotoDetailDataSourceDelegate.swift in Sources */,
				05E75B3F214BB31E00E37F39 /* URLRequestFactory.swift in Sources */,
				05E75B3B214BB31E00E37F39 /* RemoteSearchResultFetcher.swift in Sources */,
				0532AB6E2174DB1D00065CDD /* PresentablePhotoDetails.swift in Sources */,
				05380D2F215A574200CEB9B5 /* PhotoListViewController.swift in Sources */,
				056064D5215945BC0060EA90 /* CorePhoto.swift in Sources */,
				05E75B44214BB31E00E37F39 /* NoPhotoCell.swift in Sources */,
				05881D952152901900785EC5 /* RandomPhotoDetailViewController.swift in Sources */,
			);
			runOnlyForDeploymentPostprocessing = 0;
		};
		05198561214BB28100D9D094 /* Sources */ = {
			isa = PBXSourcesBuildPhase;
			buildActionMask = 2147483647;
			files = (
				05E0EBC9216E465D00BCEEBB /* PhonePhotoDetailViewFactoryTest.swift in Sources */,
				05E75B69214BB34600E37F39 /* URLRequestFactoryTest.swift in Sources */,
				05E75B67214BB34600E37F39 /* RemoteSearchResultFetcherTest.swift in Sources */,
				05E75B62214BB34600E37F39 /* HTTPClientStub.swift in Sources */,
				05E75B68214BB34600E37F39 /* RemoteRandomPhotoResultFetcherTest.swift in Sources */,
				056FFF96214FCC74005F0077 /* RemoteCoreRandomPhotoFetcherTest.swift in Sources */,
				05380D37215A678100CEB9B5 /* RemoteCorePhotoFetcherTest.swift in Sources */,
				05E0EBC3216E35A700BCEEBB /* PhotoListFlowTest.swift in Sources */,
				05561F37215A1AD8004BE337 /* PhoneRandomPhotoDetailViewFactoryTest.swift in Sources */,
				05E75B61214BB34600E37F39 /* HTTPClientTest.swift in Sources */,
				05F83FDF215BA8AD002D79AD /* PhonePhotoListViewFactoryTest.swift in Sources */,
				05E75B66214BB34600E37F39 /* PhotoDownloaderTest.swift in Sources */,
				05E75B60214BB34600E37F39 /* PhoneRandomPhotoViewFactoryTest.swift in Sources */,
				05E1533C21513A910033BC3C /* RandomPhotoFlowTest.swift in Sources */,
				05380D2D215A48F200CEB9B5 /* SearchViewControllerTest.swift in Sources */,
				05E75B64214BB34600E37F39 /* RandomPhotoViewControllerTest.swift in Sources */,
				051DF53821639147008F1148 /* BasicImageProviderTest.swift in Sources */,
				05E75B63214BB34600E37F39 /* Helpers.swift in Sources */,
			);
			runOnlyForDeploymentPostprocessing = 0;
		};
/* End PBXSourcesBuildPhase section */

/* Begin PBXTargetDependency section */
		05198567214BB28100D9D094 /* PBXTargetDependency */ = {
			isa = PBXTargetDependency;
			target = 05198550214BB28000D9D094 /* Unsplash */;
			targetProxy = 05198566214BB28100D9D094 /* PBXContainerItemProxy */;
		};
/* End PBXTargetDependency section */

/* Begin PBXVariantGroup section */
		05E75B2C214BB31E00E37F39 /* LaunchScreen.storyboard */ = {
			isa = PBXVariantGroup;
			children = (
				05E75B2D214BB31E00E37F39 /* Base */,
			);
			name = LaunchScreen.storyboard;
			sourceTree = "<group>";
		};
/* End PBXVariantGroup section */

/* Begin XCBuildConfiguration section */
		0519856C214BB28100D9D094 /* Debug */ = {
			isa = XCBuildConfiguration;
			buildSettings = {
				ALWAYS_SEARCH_USER_PATHS = NO;
				CLANG_ANALYZER_NONNULL = YES;
				CLANG_ANALYZER_NUMBER_OBJECT_CONVERSION = YES_AGGRESSIVE;
				CLANG_CXX_LANGUAGE_STANDARD = "gnu++14";
				CLANG_CXX_LIBRARY = "libc++";
				CLANG_ENABLE_MODULES = YES;
				CLANG_ENABLE_OBJC_ARC = YES;
				CLANG_ENABLE_OBJC_WEAK = YES;
				CLANG_WARN_BLOCK_CAPTURE_AUTORELEASING = YES;
				CLANG_WARN_BOOL_CONVERSION = YES;
				CLANG_WARN_COMMA = YES;
				CLANG_WARN_CONSTANT_CONVERSION = YES;
				CLANG_WARN_DEPRECATED_OBJC_IMPLEMENTATIONS = YES;
				CLANG_WARN_DIRECT_OBJC_ISA_USAGE = YES_ERROR;
				CLANG_WARN_DOCUMENTATION_COMMENTS = YES;
				CLANG_WARN_EMPTY_BODY = YES;
				CLANG_WARN_ENUM_CONVERSION = YES;
				CLANG_WARN_INFINITE_RECURSION = YES;
				CLANG_WARN_INT_CONVERSION = YES;
				CLANG_WARN_NON_LITERAL_NULL_CONVERSION = YES;
				CLANG_WARN_OBJC_IMPLICIT_RETAIN_SELF = YES;
				CLANG_WARN_OBJC_LITERAL_CONVERSION = YES;
				CLANG_WARN_OBJC_ROOT_CLASS = YES_ERROR;
				CLANG_WARN_RANGE_LOOP_ANALYSIS = YES;
				CLANG_WARN_STRICT_PROTOTYPES = YES;
				CLANG_WARN_SUSPICIOUS_MOVE = YES;
				CLANG_WARN_UNGUARDED_AVAILABILITY = YES_AGGRESSIVE;
				CLANG_WARN_UNREACHABLE_CODE = YES;
				CLANG_WARN__DUPLICATE_METHOD_MATCH = YES;
				CODE_SIGN_IDENTITY = "iPhone Developer";
				COPY_PHASE_STRIP = NO;
				DEBUG_INFORMATION_FORMAT = dwarf;
				ENABLE_STRICT_OBJC_MSGSEND = YES;
				ENABLE_TESTABILITY = YES;
				GCC_C_LANGUAGE_STANDARD = gnu11;
				GCC_DYNAMIC_NO_PIC = NO;
				GCC_NO_COMMON_BLOCKS = YES;
				GCC_OPTIMIZATION_LEVEL = 0;
				GCC_PREPROCESSOR_DEFINITIONS = (
					"DEBUG=1",
					"$(inherited)",
				);
				GCC_WARN_64_TO_32_BIT_CONVERSION = YES;
				GCC_WARN_ABOUT_RETURN_TYPE = YES_ERROR;
				GCC_WARN_UNDECLARED_SELECTOR = YES;
				GCC_WARN_UNINITIALIZED_AUTOS = YES_AGGRESSIVE;
				GCC_WARN_UNUSED_FUNCTION = YES;
				GCC_WARN_UNUSED_VARIABLE = YES;
				IPHONEOS_DEPLOYMENT_TARGET = 11.4;
				MTL_ENABLE_DEBUG_INFO = YES;
				ONLY_ACTIVE_ARCH = YES;
				SDKROOT = iphoneos;
				SWIFT_ACTIVE_COMPILATION_CONDITIONS = DEBUG;
				SWIFT_OPTIMIZATION_LEVEL = "-Onone";
			};
			name = Debug;
		};
		0519856D214BB28100D9D094 /* Release */ = {
			isa = XCBuildConfiguration;
			buildSettings = {
				ALWAYS_SEARCH_USER_PATHS = NO;
				CLANG_ANALYZER_NONNULL = YES;
				CLANG_ANALYZER_NUMBER_OBJECT_CONVERSION = YES_AGGRESSIVE;
				CLANG_CXX_LANGUAGE_STANDARD = "gnu++14";
				CLANG_CXX_LIBRARY = "libc++";
				CLANG_ENABLE_MODULES = YES;
				CLANG_ENABLE_OBJC_ARC = YES;
				CLANG_ENABLE_OBJC_WEAK = YES;
				CLANG_WARN_BLOCK_CAPTURE_AUTORELEASING = YES;
				CLANG_WARN_BOOL_CONVERSION = YES;
				CLANG_WARN_COMMA = YES;
				CLANG_WARN_CONSTANT_CONVERSION = YES;
				CLANG_WARN_DEPRECATED_OBJC_IMPLEMENTATIONS = YES;
				CLANG_WARN_DIRECT_OBJC_ISA_USAGE = YES_ERROR;
				CLANG_WARN_DOCUMENTATION_COMMENTS = YES;
				CLANG_WARN_EMPTY_BODY = YES;
				CLANG_WARN_ENUM_CONVERSION = YES;
				CLANG_WARN_INFINITE_RECURSION = YES;
				CLANG_WARN_INT_CONVERSION = YES;
				CLANG_WARN_NON_LITERAL_NULL_CONVERSION = YES;
				CLANG_WARN_OBJC_IMPLICIT_RETAIN_SELF = YES;
				CLANG_WARN_OBJC_LITERAL_CONVERSION = YES;
				CLANG_WARN_OBJC_ROOT_CLASS = YES_ERROR;
				CLANG_WARN_RANGE_LOOP_ANALYSIS = YES;
				CLANG_WARN_STRICT_PROTOTYPES = YES;
				CLANG_WARN_SUSPICIOUS_MOVE = YES;
				CLANG_WARN_UNGUARDED_AVAILABILITY = YES_AGGRESSIVE;
				CLANG_WARN_UNREACHABLE_CODE = YES;
				CLANG_WARN__DUPLICATE_METHOD_MATCH = YES;
				CODE_SIGN_IDENTITY = "iPhone Developer";
				COPY_PHASE_STRIP = NO;
				DEBUG_INFORMATION_FORMAT = "dwarf-with-dsym";
				ENABLE_NS_ASSERTIONS = NO;
				ENABLE_STRICT_OBJC_MSGSEND = YES;
				GCC_C_LANGUAGE_STANDARD = gnu11;
				GCC_NO_COMMON_BLOCKS = YES;
				GCC_WARN_64_TO_32_BIT_CONVERSION = YES;
				GCC_WARN_ABOUT_RETURN_TYPE = YES_ERROR;
				GCC_WARN_UNDECLARED_SELECTOR = YES;
				GCC_WARN_UNINITIALIZED_AUTOS = YES_AGGRESSIVE;
				GCC_WARN_UNUSED_FUNCTION = YES;
				GCC_WARN_UNUSED_VARIABLE = YES;
				IPHONEOS_DEPLOYMENT_TARGET = 11.4;
				MTL_ENABLE_DEBUG_INFO = NO;
				SDKROOT = iphoneos;
				SWIFT_COMPILATION_MODE = wholemodule;
				SWIFT_OPTIMIZATION_LEVEL = "-O";
				VALIDATE_PRODUCT = YES;
			};
			name = Release;
		};
		0519856F214BB28100D9D094 /* Debug */ = {
			isa = XCBuildConfiguration;
			baseConfigurationReference = F2B806E66B857BCD9A609726 /* Pods-Unsplash.debug.xcconfig */;
			buildSettings = {
				ASSETCATALOG_COMPILER_APPICON_NAME = AppIcon;
				CLANG_ENABLE_MODULES = YES;
				CODE_SIGN_STYLE = Automatic;
				DEVELOPMENT_TEAM = UCK9FU72KZ;
				INFOPLIST_FILE = Unsplash/Info.plist;
				LD_RUNPATH_SEARCH_PATHS = (
					"$(inherited)",
					"@executable_path/Frameworks",
				);
				PRODUCT_BUNDLE_IDENTIFIER = com.mzarmakoupis.Unsplash;
				PRODUCT_NAME = "$(TARGET_NAME)";
				SWIFT_OPTIMIZATION_LEVEL = "-Onone";
				SWIFT_VERSION = 4.2;
				TARGETED_DEVICE_FAMILY = "1,2";
				Unsplash_AccessKey = adf9a380fed8c1f791255e7355090fed252fca50a982dd9e11c8f2e4e91b5e1b;
			};
			name = Debug;
		};
		05198570214BB28100D9D094 /* Release */ = {
			isa = XCBuildConfiguration;
			baseConfigurationReference = 6ED25A25AEB2FA1513CC4BAD /* Pods-Unsplash.release.xcconfig */;
			buildSettings = {
				ASSETCATALOG_COMPILER_APPICON_NAME = AppIcon;
				CLANG_ENABLE_MODULES = YES;
				CODE_SIGN_STYLE = Automatic;
				DEVELOPMENT_TEAM = UCK9FU72KZ;
				INFOPLIST_FILE = Unsplash/Info.plist;
				LD_RUNPATH_SEARCH_PATHS = (
					"$(inherited)",
					"@executable_path/Frameworks",
				);
				PRODUCT_BUNDLE_IDENTIFIER = com.mzarmakoupis.Unsplash;
				PRODUCT_NAME = "$(TARGET_NAME)";
				SWIFT_VERSION = 4.2;
				TARGETED_DEVICE_FAMILY = "1,2";
				Unsplash_AccessKey = adf9a380fed8c1f791255e7355090fed252fca50a982dd9e11c8f2e4e91b5e1b;
			};
			name = Release;
		};
		05198572214BB28100D9D094 /* Debug */ = {
			isa = XCBuildConfiguration;
			buildSettings = {
				ALWAYS_EMBED_SWIFT_STANDARD_LIBRARIES = YES;
				BUNDLE_LOADER = "$(TEST_HOST)";
				CODE_SIGN_STYLE = Automatic;
				DEVELOPMENT_TEAM = UCK9FU72KZ;
				INFOPLIST_FILE = UnsplashTests/Info.plist;
				LD_RUNPATH_SEARCH_PATHS = (
					"$(inherited)",
					"@executable_path/Frameworks",
					"@loader_path/Frameworks",
				);
				PRODUCT_BUNDLE_IDENTIFIER = com.mzarmakoupis.unsplashTests;
				PRODUCT_NAME = "$(TARGET_NAME)";
				SWIFT_VERSION = 4.2;
				TARGETED_DEVICE_FAMILY = "1,2";
				TEST_HOST = "$(BUILT_PRODUCTS_DIR)/Unsplash.app/Unsplash";
			};
			name = Debug;
		};
		05198573214BB28100D9D094 /* Release */ = {
			isa = XCBuildConfiguration;
			buildSettings = {
				ALWAYS_EMBED_SWIFT_STANDARD_LIBRARIES = YES;
				BUNDLE_LOADER = "$(TEST_HOST)";
				CODE_SIGN_STYLE = Automatic;
				DEVELOPMENT_TEAM = UCK9FU72KZ;
				INFOPLIST_FILE = UnsplashTests/Info.plist;
				LD_RUNPATH_SEARCH_PATHS = (
					"$(inherited)",
					"@executable_path/Frameworks",
					"@loader_path/Frameworks",
				);
				PRODUCT_BUNDLE_IDENTIFIER = com.mzarmakoupis.unsplashTests;
				PRODUCT_NAME = "$(TARGET_NAME)";
				SWIFT_VERSION = 4.2;
				TARGETED_DEVICE_FAMILY = "1,2";
				TEST_HOST = "$(BUILT_PRODUCTS_DIR)/Unsplash.app/Unsplash";
			};
			name = Release;
		};
/* End XCBuildConfiguration section */

/* Begin XCConfigurationList section */
		0519854C214BB28000D9D094 /* Build configuration list for PBXProject "Unsplash" */ = {
			isa = XCConfigurationList;
			buildConfigurations = (
				0519856C214BB28100D9D094 /* Debug */,
				0519856D214BB28100D9D094 /* Release */,
			);
			defaultConfigurationIsVisible = 0;
			defaultConfigurationName = Release;
		};
		0519856E214BB28100D9D094 /* Build configuration list for PBXNativeTarget "Unsplash" */ = {
			isa = XCConfigurationList;
			buildConfigurations = (
				0519856F214BB28100D9D094 /* Debug */,
				05198570214BB28100D9D094 /* Release */,
			);
			defaultConfigurationIsVisible = 0;
			defaultConfigurationName = Release;
		};
		05198571214BB28100D9D094 /* Build configuration list for PBXNativeTarget "UnsplashTests" */ = {
			isa = XCConfigurationList;
			buildConfigurations = (
				05198572214BB28100D9D094 /* Debug */,
				05198573214BB28100D9D094 /* Release */,
			);
			defaultConfigurationIsVisible = 0;
			defaultConfigurationName = Release;
		};
/* End XCConfigurationList section */
	};
	rootObject = 05198549214BB28000D9D094 /* Project object */;
}
